
Microsoft Visual Studio Solution File, Format Version 12.00
# Visual Studio Version 16
VisualStudioVersion = 16.0.30523.141
MinimumVisualStudioVersion = 10.0.40219.1
Project("{9A19103F-16F7-4668-BE54-9A1E7A4F7556}") = "BasicWebApi", "BasicWebApi.csproj", "{E8BFCF1C-90CB-48C2-A188-E254FE5B82D6}"
EndProject
Project("{FAE04EC0-301F-11D3-BF4B-00C04F79EFBC}") = "Converter", "..\Converter\Converter.csproj", "{B76C5EF1-CE7A-462C-B108-5E595904BC0D}"
EndProject
Global
	GlobalSection(SolutionConfigurationPlatforms) = preSolution
		Debug|Any CPU = Debug|Any CPU
		Release|Any CPU = Release|Any CPU
	EndGlobalSection
	GlobalSection(ProjectConfigurationPlatforms) = postSolution
		{E8BFCF1C-90CB-48C2-A188-E254FE5B82D6}.Debug|Any CPU.ActiveCfg = Debug|Any CPU
		{E8BFCF1C-90CB-48C2-A188-E254FE5B82D6}.Debug|Any CPU.Build.0 = Debug|Any CPU
		{E8BFCF1C-90CB-48C2-A188-E254FE5B82D6}.Release|Any CPU.ActiveCfg = Release|Any CPU
		{E8BFCF1C-90CB-48C2-A188-E254FE5B82D6}.Release|Any CPU.Build.0 = Release|Any CPU
		{B76C5EF1-CE7A-462C-B108-5E595904BC0D}.Debug|Any CPU.ActiveCfg = Debug|Any CPU
		{B76C5EF1-CE7A-462C-B108-5E595904BC0D}.Debug|Any CPU.Build.0 = Debug|Any CPU
		{B76C5EF1-CE7A-462C-B108-5E595904BC0D}.Release|Any CPU.ActiveCfg = Release|Any CPU
		{B76C5EF1-CE7A-462C-B108-5E595904BC0D}.Release|Any CPU.Build.0 = Release|Any CPU
	EndGlobalSection
	GlobalSection(SolutionProperties) = preSolution
		HideSolutionNode = FALSE
	EndGlobalSection
	GlobalSection(ExtensibilityGlobals) = postSolution
		SolutionGuid = {36843F4C-7AB5-4FD2-AD54-85249D355125}
	EndGlobalSection
EndGlobal
